
Microsoft Visual Studio Solution File, Format Version 12.00
# Visual Studio 2012
Project("{D954291E-2A0B-460D-934E-DC6B0785DB48}") = "LuissLoft", "LuissLoft\LuissLoft.shproj", "{30822150-CD0E-426E-97C2-C8FF659466C2}"
EndProject
Project("{FAE04EC0-301F-11D3-BF4B-00C04F79EFBC}") = "LuissLoft.iOS", "iOS\LuissLoft.iOS.csproj", "{8A793EA8-1587-423B-B76F-5FBDE7D4CB50}"
EndProject
Project("{FAE04EC0-301F-11D3-BF4B-00C04F79EFBC}") = "LuissLoft.Droid", "Droid\LuissLoft.Droid.csproj", "{1D1FFAF0-90CA-4CB2-9CF8-F566F856D87A}"
EndProject
Project("{FAE04EC0-301F-11D3-BF4B-00C04F79EFBC}") = "Plugin.Visual1993.Gateway.Abstractions", "..\Plugin.Visual1993.Gateway\Plugin.Visual1993.Gateway.Abstractions\Plugin.Visual1993.Gateway.Abstractions.csproj", "{C615361B-5E33-43F3-900F-F2B40A4F34EE}"
EndProject
Global
	GlobalSection(SolutionConfigurationPlatforms) = preSolution
		Debug|iPhoneSimulator = Debug|iPhoneSimulator
		Release|iPhone = Release|iPhone
		Release|iPhoneSimulator = Release|iPhoneSimulator
		Debug|iPhone = Debug|iPhone
		Debug|Any CPU = Debug|Any CPU
		Release|Any CPU = Release|Any CPU
	EndGlobalSection
	GlobalSection(ProjectConfigurationPlatforms) = postSolution
		{8A793EA8-1587-423B-B76F-5FBDE7D4CB50}.Debug|iPhoneSimulator.ActiveCfg = Debug|iPhoneSimulator
		{8A793EA8-1587-423B-B76F-5FBDE7D4CB50}.Debug|iPhoneSimulator.Build.0 = Debug|iPhoneSimulator
		{8A793EA8-1587-423B-B76F-5FBDE7D4CB50}.Release|iPhone.ActiveCfg = Release|iPhone
		{8A793EA8-1587-423B-B76F-5FBDE7D4CB50}.Release|iPhone.Build.0 = Release|iPhone
		{8A793EA8-1587-423B-B76F-5FBDE7D4CB50}.Release|iPhoneSimulator.ActiveCfg = Release|iPhoneSimulator
		{8A793EA8-1587-423B-B76F-5FBDE7D4CB50}.Release|iPhoneSimulator.Build.0 = Release|iPhoneSimulator
		{8A793EA8-1587-423B-B76F-5FBDE7D4CB50}.Debug|iPhone.ActiveCfg = Debug|iPhone
		{8A793EA8-1587-423B-B76F-5FBDE7D4CB50}.Debug|iPhone.Build.0 = Debug|iPhone
		{8A793EA8-1587-423B-B76F-5FBDE7D4CB50}.Debug|Any CPU.ActiveCfg = Debug|iPhoneSimulator
		{8A793EA8-1587-423B-B76F-5FBDE7D4CB50}.Debug|Any CPU.Build.0 = Debug|iPhoneSimulator
		{8A793EA8-1587-423B-B76F-5FBDE7D4CB50}.Release|Any CPU.ActiveCfg = Release|iPhone
		{8A793EA8-1587-423B-B76F-5FBDE7D4CB50}.Release|Any CPU.Build.0 = Release|iPhone
		{1D1FFAF0-90CA-4CB2-9CF8-F566F856D87A}.Debug|iPhoneSimulator.ActiveCfg = Debug|Any CPU
		{1D1FFAF0-90CA-4CB2-9CF8-F566F856D87A}.Debug|iPhoneSimulator.Build.0 = Debug|Any CPU
		{1D1FFAF0-90CA-4CB2-9CF8-F566F856D87A}.Release|iPhone.ActiveCfg = Release|Any CPU
		{1D1FFAF0-90CA-4CB2-9CF8-F566F856D87A}.Release|iPhone.Build.0 = Release|Any CPU
		{1D1FFAF0-90CA-4CB2-9CF8-F566F856D87A}.Release|iPhoneSimulator.ActiveCfg = Release|Any CPU
		{1D1FFAF0-90CA-4CB2-9CF8-F566F856D87A}.Release|iPhoneSimulator.Build.0 = Release|Any CPU
		{1D1FFAF0-90CA-4CB2-9CF8-F566F856D87A}.Debug|iPhone.ActiveCfg = Debug|Any CPU
		{1D1FFAF0-90CA-4CB2-9CF8-F566F856D87A}.Debug|iPhone.Build.0 = Debug|Any CPU
		{1D1FFAF0-90CA-4CB2-9CF8-F566F856D87A}.Debug|Any CPU.ActiveCfg = Debug|Any CPU
		{1D1FFAF0-90CA-4CB2-9CF8-F566F856D87A}.Debug|Any CPU.Build.0 = Debug|Any CPU
		{1D1FFAF0-90CA-4CB2-9CF8-F566F856D87A}.Release|Any CPU.ActiveCfg = Release|Any CPU
		{1D1FFAF0-90CA-4CB2-9CF8-F566F856D87A}.Release|Any CPU.Build.0 = Release|Any CPU
		{C615361B-5E33-43F3-900F-F2B40A4F34EE}.Debug|iPhoneSimulator.ActiveCfg = Debug|Any CPU
		{C615361B-5E33-43F3-900F-F2B40A4F34EE}.Debug|iPhoneSimulator.Build.0 = Debug|Any CPU
		{C615361B-5E33-43F3-900F-F2B40A4F34EE}.Release|iPhone.ActiveCfg = Release|Any CPU
		{C615361B-5E33-43F3-900F-F2B40A4F34EE}.Release|iPhone.Build.0 = Release|Any CPU
		{C615361B-5E33-43F3-900F-F2B40A4F34EE}.Release|iPhoneSimulator.ActiveCfg = Release|Any CPU
		{C615361B-5E33-43F3-900F-F2B40A4F34EE}.Release|iPhoneSimulator.Build.0 = Release|Any CPU
		{C615361B-5E33-43F3-900F-F2B40A4F34EE}.Debug|iPhone.ActiveCfg = Debug|Any CPU
		{C615361B-5E33-43F3-900F-F2B40A4F34EE}.Debug|iPhone.Build.0 = Debug|Any CPU
		{C615361B-5E33-43F3-900F-F2B40A4F34EE}.Debug|Any CPU.ActiveCfg = Debug|Any CPU
		{C615361B-5E33-43F3-900F-F2B40A4F34EE}.Debug|Any CPU.Build.0 = Debug|Any CPU
		{C615361B-5E33-43F3-900F-F2B40A4F34EE}.Release|Any CPU.ActiveCfg = Release|Any CPU
		{C615361B-5E33-43F3-900F-F2B40A4F34EE}.Release|Any CPU.Build.0 = Release|Any CPU
	EndGlobalSection
EndGlobal
